// !$*UTF8*$!
{
	archiveVersion = 1;
	classes = {
	};
	objectVersion = 56;
	objects = {

/* Begin PBXBuildFile section */
		1039FB202BFBA67A00EDBC1F /* SFX_2.wav in Resources */ = {isa = PBXBuildFile; fileRef = 1039FB1B2BFBA67900EDBC1F /* SFX_2.wav */; };
		1039FB212BFBA67A00EDBC1F /* SFX_5.wav in Resources */ = {isa = PBXBuildFile; fileRef = 1039FB1C2BFBA67900EDBC1F /* SFX_5.wav */; };
		1039FB222BFBA67A00EDBC1F /* Music.wav in Resources */ = {isa = PBXBuildFile; fileRef = 1039FB1D2BFBA67A00EDBC1F /* Music.wav */; };
		1039FB232BFBA67A00EDBC1F /* SFX_4.wav in Resources */ = {isa = PBXBuildFile; fileRef = 1039FB1E2BFBA67A00EDBC1F /* SFX_4.wav */; };
		1039FB242BFBA67A00EDBC1F /* SFX_7.wav in Resources */ = {isa = PBXBuildFile; fileRef = 1039FB1F2BFBA67A00EDBC1F /* SFX_7.wav */; };
		1039FB262BFBBADE00EDBC1F /* TimerView.swift in Sources */ = {isa = PBXBuildFile; fileRef = 1039FB252BFBBADE00EDBC1F /* TimerView.swift */; };
		1039FB282BFBBB8B00EDBC1F /* Models.swift in Sources */ = {isa = PBXBuildFile; fileRef = 1039FB272BFBBB8B00EDBC1F /* Models.swift */; };
		1039FB2C2BFBBD6400EDBC1F /* TappedEntities.swift in Sources */ = {isa = PBXBuildFile; fileRef = 1039FB2B2BFBBD6400EDBC1F /* TappedEntities.swift */; };
		1039FB4F2BFBD64300EDBC1F /* CircularProgressView.swift in Sources */ = {isa = PBXBuildFile; fileRef = 1039FB4E2BFBD64300EDBC1F /* CircularProgressView.swift */; };
		1039FB522BFC623400EDBC1F /* SaveSceneHelper.swift in Sources */ = {isa = PBXBuildFile; fileRef = 1039FB512BFC623400EDBC1F /* SaveSceneHelper.swift */; };
		1039FB542BFC628800EDBC1F /* SaveScene.swift in Sources */ = {isa = PBXBuildFile; fileRef = 1039FB532BFC628800EDBC1F /* SaveScene.swift */; };
		1039FB562BFC6C0C00EDBC1F /* AddedModels.swift in Sources */ = {isa = PBXBuildFile; fileRef = 1039FB552BFC6C0C00EDBC1F /* AddedModels.swift */; };
		1039FB632BFD249200EDBC1F /* OnboardingView.swift in Sources */ = {isa = PBXBuildFile; fileRef = 1039FB622BFD249200EDBC1F /* OnboardingView.swift */; };
		1043E5752BFB830600C44D6D /* Plant_03_Growth+Bloom.usdz in Resources */ = {isa = PBXBuildFile; fileRef = 1043E5742BFB830600C44D6D /* Plant_03_Growth+Bloom.usdz */; };
		1043E5772BFB830C00C44D6D /* Plant_02_Growth+Bloom.usdz in Resources */ = {isa = PBXBuildFile; fileRef = 1043E5762BFB830C00C44D6D /* Plant_02_Growth+Bloom.usdz */; };
		1043E5892BFB8D6A00C44D6D /* Plant_01_Growth+Bloom.usdz in Resources */ = {isa = PBXBuildFile; fileRef = 1043E5882BFB8D6A00C44D6D /* Plant_01_Growth+Bloom.usdz */; };
		10CD8C672BF9E234003068DC /* AppDelegate.swift in Sources */ = {isa = PBXBuildFile; fileRef = 10CD8C662BF9E234003068DC /* AppDelegate.swift */; };
		10CD8C692BF9E234003068DC /* ContentView.swift in Sources */ = {isa = PBXBuildFile; fileRef = 10CD8C682BF9E234003068DC /* ContentView.swift */; };
		10CD8C6B2BF9E235003068DC /* Assets.xcassets in Resources */ = {isa = PBXBuildFile; fileRef = 10CD8C6A2BF9E235003068DC /* Assets.xcassets */; };
		10CD8C6E2BF9E235003068DC /* Preview Assets.xcassets in Resources */ = {isa = PBXBuildFile; fileRef = 10CD8C6D2BF9E235003068DC /* Preview Assets.xcassets */; };
		10CD8CB72BFB55E8003068DC /* FocusEntity in Frameworks */ = {isa = PBXBuildFile; productRef = 10CD8CB62BFB55E8003068DC /* FocusEntity */; };
		10CD8CB92BFB5623003068DC /* PlantModel.swift in Sources */ = {isa = PBXBuildFile; fileRef = 10CD8CB82BFB5623003068DC /* PlantModel.swift */; };
		10CD8CBC2BFB572F003068DC /* PlacementLogic.swift in Sources */ = {isa = PBXBuildFile; fileRef = 10CD8CBB2BFB572F003068DC /* PlacementLogic.swift */; };
		10CD8CBE2BFB574A003068DC /* PlacingView.swift in Sources */ = {isa = PBXBuildFile; fileRef = 10CD8CBD2BFB574A003068DC /* PlacingView.swift */; };
		10CD8CC12BFB578E003068DC /* LayoutView.swift in Sources */ = {isa = PBXBuildFile; fileRef = 10CD8CC02BFB578E003068DC /* LayoutView.swift */; };
		10CD8CC42BFB57FE003068DC /* CustomARView.swift in Sources */ = {isa = PBXBuildFile; fileRef = 10CD8CC32BFB57FE003068DC /* CustomARView.swift */; };
		10CD8CC62BFB581F003068DC /* ARViewContainer.swift in Sources */ = {isa = PBXBuildFile; fileRef = 10CD8CC52BFB581F003068DC /* ARViewContainer.swift */; };
/* End PBXBuildFile section */

/* Begin PBXFileReference section */
		1039FB1B2BFBA67900EDBC1F /* SFX_2.wav */ = {isa = PBXFileReference; lastKnownFileType = audio.wav; path = SFX_2.wav; sourceTree = "<group>"; };
		1039FB1C2BFBA67900EDBC1F /* SFX_5.wav */ = {isa = PBXFileReference; lastKnownFileType = audio.wav; path = SFX_5.wav; sourceTree = "<group>"; };
		1039FB1D2BFBA67A00EDBC1F /* Music.wav */ = {isa = PBXFileReference; lastKnownFileType = audio.wav; path = Music.wav; sourceTree = "<group>"; };
		1039FB1E2BFBA67A00EDBC1F /* SFX_4.wav */ = {isa = PBXFileReference; lastKnownFileType = audio.wav; path = SFX_4.wav; sourceTree = "<group>"; };
		1039FB1F2BFBA67A00EDBC1F /* SFX_7.wav */ = {isa = PBXFileReference; lastKnownFileType = audio.wav; path = SFX_7.wav; sourceTree = "<group>"; };
		1039FB252BFBBADE00EDBC1F /* TimerView.swift */ = {isa = PBXFileReference; lastKnownFileType = sourcecode.swift; path = TimerView.swift; sourceTree = "<group>"; };
		1039FB272BFBBB8B00EDBC1F /* Models.swift */ = {isa = PBXFileReference; lastKnownFileType = sourcecode.swift; path = Models.swift; sourceTree = "<group>"; };
		1039FB2B2BFBBD6400EDBC1F /* TappedEntities.swift */ = {isa = PBXFileReference; lastKnownFileType = sourcecode.swift; path = TappedEntities.swift; sourceTree = "<group>"; };
		1039FB4E2BFBD64300EDBC1F /* CircularProgressView.swift */ = {isa = PBXFileReference; lastKnownFileType = sourcecode.swift; path = CircularProgressView.swift; sourceTree = "<group>"; };
		1039FB512BFC623400EDBC1F /* SaveSceneHelper.swift */ = {isa = PBXFileReference; lastKnownFileType = sourcecode.swift; path = SaveSceneHelper.swift; sourceTree = "<group>"; };
		1039FB532BFC628800EDBC1F /* SaveScene.swift */ = {isa = PBXFileReference; lastKnownFileType = sourcecode.swift; path = SaveScene.swift; sourceTree = "<group>"; };
		1039FB552BFC6C0C00EDBC1F /* AddedModels.swift */ = {isa = PBXFileReference; lastKnownFileType = sourcecode.swift; path = AddedModels.swift; sourceTree = "<group>"; };
		1039FB622BFD249200EDBC1F /* OnboardingView.swift */ = {isa = PBXFileReference; lastKnownFileType = sourcecode.swift; path = OnboardingView.swift; sourceTree = "<group>"; };
		1043E5742BFB830600C44D6D /* Plant_03_Growth+Bloom.usdz */ = {isa = PBXFileReference; lastKnownFileType = file.usdz; path = "Plant_03_Growth+Bloom.usdz"; sourceTree = "<group>"; };
		1043E5762BFB830C00C44D6D /* Plant_02_Growth+Bloom.usdz */ = {isa = PBXFileReference; lastKnownFileType = file.usdz; path = "Plant_02_Growth+Bloom.usdz"; sourceTree = "<group>"; };
		1043E5882BFB8D6A00C44D6D /* Plant_01_Growth+Bloom.usdz */ = {isa = PBXFileReference; lastKnownFileType = file.usdz; path = "Plant_01_Growth+Bloom.usdz"; sourceTree = "<group>"; };
		10CD8C632BF9E234003068DC /* MagicalGardenAR.app */ = {isa = PBXFileReference; explicitFileType = wrapper.application; includeInIndex = 0; path = MagicalGardenAR.app; sourceTree = BUILT_PRODUCTS_DIR; };
		10CD8C662BF9E234003068DC /* AppDelegate.swift */ = {isa = PBXFileReference; lastKnownFileType = sourcecode.swift; path = AppDelegate.swift; sourceTree = "<group>"; };
		10CD8C682BF9E234003068DC /* ContentView.swift */ = {isa = PBXFileReference; lastKnownFileType = sourcecode.swift; path = ContentView.swift; sourceTree = "<group>"; };
		10CD8C6A2BF9E235003068DC /* Assets.xcassets */ = {isa = PBXFileReference; lastKnownFileType = folder.assetcatalog; path = Assets.xcassets; sourceTree = "<group>"; };
		10CD8C6D2BF9E235003068DC /* Preview Assets.xcassets */ = {isa = PBXFileReference; lastKnownFileType = folder.assetcatalog; path = "Preview Assets.xcassets"; sourceTree = "<group>"; };
		10CD8CB82BFB5623003068DC /* PlantModel.swift */ = {isa = PBXFileReference; lastKnownFileType = sourcecode.swift; path = PlantModel.swift; sourceTree = "<group>"; };
		10CD8CBB2BFB572F003068DC /* PlacementLogic.swift */ = {isa = PBXFileReference; lastKnownFileType = sourcecode.swift; path = PlacementLogic.swift; sourceTree = "<group>"; };
		10CD8CBD2BFB574A003068DC /* PlacingView.swift */ = {isa = PBXFileReference; lastKnownFileType = sourcecode.swift; path = PlacingView.swift; sourceTree = "<group>"; };
		10CD8CC02BFB578E003068DC /* LayoutView.swift */ = {isa = PBXFileReference; lastKnownFileType = sourcecode.swift; path = LayoutView.swift; sourceTree = "<group>"; };
		10CD8CC32BFB57FE003068DC /* CustomARView.swift */ = {isa = PBXFileReference; lastKnownFileType = sourcecode.swift; path = CustomARView.swift; sourceTree = "<group>"; };
		10CD8CC52BFB581F003068DC /* ARViewContainer.swift */ = {isa = PBXFileReference; lastKnownFileType = sourcecode.swift; path = ARViewContainer.swift; sourceTree = "<group>"; };
/* End PBXFileReference section */

/* Begin PBXFrameworksBuildPhase section */
		10CD8C602BF9E234003068DC /* Frameworks */ = {
			isa = PBXFrameworksBuildPhase;
			buildActionMask = 2147483647;
			files = (
				10CD8CB72BFB55E8003068DC /* FocusEntity in Frameworks */,
			);
			runOnlyForDeploymentPostprocessing = 0;
		};
/* End PBXFrameworksBuildPhase section */

/* Begin PBXGroup section */
		1039FB1A2BFBA66A00EDBC1F /* Sounds */ = {
			isa = PBXGroup;
			children = (
				1039FB1D2BFBA67A00EDBC1F /* Music.wav */,
				1039FB1B2BFBA67900EDBC1F /* SFX_2.wav */,
				1039FB1E2BFBA67A00EDBC1F /* SFX_4.wav */,
				1039FB1C2BFBA67900EDBC1F /* SFX_5.wav */,
				1039FB1F2BFBA67A00EDBC1F /* SFX_7.wav */,
			);
			path = Sounds;
			sourceTree = "<group>";
		};
		1039FB502BFC621500EDBC1F /* Persistence */ = {
			isa = PBXGroup;
			children = (
				1039FB512BFC623400EDBC1F /* SaveSceneHelper.swift */,
				1039FB532BFC628800EDBC1F /* SaveScene.swift */,
			);
			path = Persistence;
			sourceTree = "<group>";
		};
		10CD8C5A2BF9E234003068DC = {
			isa = PBXGroup;
			children = (
				10CD8C652BF9E234003068DC /* MagicalGardenAR */,
				10CD8C642BF9E234003068DC /* Products */,
			);
			sourceTree = "<group>";
		};
		10CD8C642BF9E234003068DC /* Products */ = {
			isa = PBXGroup;
			children = (
				10CD8C632BF9E234003068DC /* MagicalGardenAR.app */,
			);
			name = Products;
			sourceTree = "<group>";
		};
		10CD8C652BF9E234003068DC /* MagicalGardenAR */ = {
			isa = PBXGroup;
			children = (
				10CD8C662BF9E234003068DC /* AppDelegate.swift */,
				10CD8C682BF9E234003068DC /* ContentView.swift */,
				10CD8CC52BFB581F003068DC /* ARViewContainer.swift */,
				10CD8C6A2BF9E235003068DC /* Assets.xcassets */,
				10CD8CBF2BFB5751003068DC /* Views */,
				10CD8CC22BFB57E5003068DC /* Focus Entity */,
				10CD8CBA2BFB562B003068DC /* Model */,
				1039FB502BFC621500EDBC1F /* Persistence */,
				10CD8CC72BFB5EF4003068DC /* 3D Models */,
				1039FB1A2BFBA66A00EDBC1F /* Sounds */,
				10CD8C6C2BF9E235003068DC /* Preview Content */,
			);
			path = MagicalGardenAR;
			sourceTree = "<group>";
		};
		10CD8C6C2BF9E235003068DC /* Preview Content */ = {
			isa = PBXGroup;
			children = (
				10CD8C6D2BF9E235003068DC /* Preview Assets.xcassets */,
			);
			path = "Preview Content";
			sourceTree = "<group>";
		};
		10CD8CBA2BFB562B003068DC /* Model */ = {
			isa = PBXGroup;
			children = (
				10CD8CB82BFB5623003068DC /* PlantModel.swift */,
				1039FB272BFBBB8B00EDBC1F /* Models.swift */,
				10CD8CBB2BFB572F003068DC /* PlacementLogic.swift */,
				1039FB2B2BFBBD6400EDBC1F /* TappedEntities.swift */,
				1039FB552BFC6C0C00EDBC1F /* AddedModels.swift */,
			);
			path = Model;
			sourceTree = "<group>";
		};
		10CD8CBF2BFB5751003068DC /* Views */ = {
			isa = PBXGroup;
			children = (
				10CD8CBD2BFB574A003068DC /* PlacingView.swift */,
				10CD8CC02BFB578E003068DC /* LayoutView.swift */,
				1039FB252BFBBADE00EDBC1F /* TimerView.swift */,
				1039FB4E2BFBD64300EDBC1F /* CircularProgressView.swift */,
				1039FB622BFD249200EDBC1F /* OnboardingView.swift */,
			);
			path = Views;
			sourceTree = "<group>";
		};
		10CD8CC22BFB57E5003068DC /* Focus Entity */ = {
			isa = PBXGroup;
			children = (
				10CD8CC32BFB57FE003068DC /* CustomARView.swift */,
			);
			path = "Focus Entity";
			sourceTree = "<group>";
		};
		10CD8CC72BFB5EF4003068DC /* 3D Models */ = {
			isa = PBXGroup;
			children = (
				1043E5882BFB8D6A00C44D6D /* Plant_01_Growth+Bloom.usdz */,
				1043E5762BFB830C00C44D6D /* Plant_02_Growth+Bloom.usdz */,
				1043E5742BFB830600C44D6D /* Plant_03_Growth+Bloom.usdz */,
			);
			path = "3D Models";
			sourceTree = "<group>";
		};
/* End PBXGroup section */

/* Begin PBXNativeTarget section */
		10CD8C622BF9E234003068DC /* MagicalGardenAR */ = {
			isa = PBXNativeTarget;
			buildConfigurationList = 10CD8C712BF9E235003068DC /* Build configuration list for PBXNativeTarget "MagicalGardenAR" */;
			buildPhases = (
				10CD8C5F2BF9E234003068DC /* Sources */,
				10CD8C602BF9E234003068DC /* Frameworks */,
				10CD8C612BF9E234003068DC /* Resources */,
			);
			buildRules = (
			);
			dependencies = (
			);
			name = MagicalGardenAR;
			packageProductDependencies = (
				10CD8CB62BFB55E8003068DC /* FocusEntity */,
			);
			productName = MagicalGardenAR;
			productReference = 10CD8C632BF9E234003068DC /* MagicalGardenAR.app */;
			productType = "com.apple.product-type.application";
		};
/* End PBXNativeTarget section */

/* Begin PBXProject section */
		10CD8C5B2BF9E234003068DC /* Project object */ = {
			isa = PBXProject;
			attributes = {
				BuildIndependentTargetsInParallel = 1;
				LastSwiftUpdateCheck = 1530;
				LastUpgradeCheck = 1530;
				TargetAttributes = {
					10CD8C622BF9E234003068DC = {
						CreatedOnToolsVersion = 15.3;
					};
				};
			};
			buildConfigurationList = 10CD8C5E2BF9E234003068DC /* Build configuration list for PBXProject "MagicalGardenAR" */;
			compatibilityVersion = "Xcode 14.0";
			developmentRegion = en;
			hasScannedForEncodings = 0;
			knownRegions = (
				en,
				Base,
			);
			mainGroup = 10CD8C5A2BF9E234003068DC;
			packageReferences = (
				10CD8CB52BFB55E8003068DC /* XCRemoteSwiftPackageReference "FocusEntity" */,
			);
			productRefGroup = 10CD8C642BF9E234003068DC /* Products */;
			projectDirPath = "";
			projectRoot = "";
			targets = (
				10CD8C622BF9E234003068DC /* MagicalGardenAR */,
			);
		};
/* End PBXProject section */

/* Begin PBXResourcesBuildPhase section */
		10CD8C612BF9E234003068DC /* Resources */ = {
			isa = PBXResourcesBuildPhase;
			buildActionMask = 2147483647;
			files = (
				1043E5772BFB830C00C44D6D /* Plant_02_Growth+Bloom.usdz in Resources */,
				10CD8C6E2BF9E235003068DC /* Preview Assets.xcassets in Resources */,
				1043E5752BFB830600C44D6D /* Plant_03_Growth+Bloom.usdz in Resources */,
				1039FB202BFBA67A00EDBC1F /* SFX_2.wav in Resources */,
				1043E5892BFB8D6A00C44D6D /* Plant_01_Growth+Bloom.usdz in Resources */,
				10CD8C6B2BF9E235003068DC /* Assets.xcassets in Resources */,
				1039FB232BFBA67A00EDBC1F /* SFX_4.wav in Resources */,
				1039FB222BFBA67A00EDBC1F /* Music.wav in Resources */,
				1039FB242BFBA67A00EDBC1F /* SFX_7.wav in Resources */,
				1039FB212BFBA67A00EDBC1F /* SFX_5.wav in Resources */,
			);
			runOnlyForDeploymentPostprocessing = 0;
		};
/* End PBXResourcesBuildPhase section */

/* Begin PBXSourcesBuildPhase section */
		10CD8C5F2BF9E234003068DC /* Sources */ = {
			isa = PBXSourcesBuildPhase;
			buildActionMask = 2147483647;
			files = (
				1039FB262BFBBADE00EDBC1F /* TimerView.swift in Sources */,
				10CD8C692BF9E234003068DC /* ContentView.swift in Sources */,
				10CD8CC62BFB581F003068DC /* ARViewContainer.swift in Sources */,
				1039FB542BFC628800EDBC1F /* SaveScene.swift in Sources */,
				10CD8CB92BFB5623003068DC /* PlantModel.swift in Sources */,
				10CD8CC12BFB578E003068DC /* LayoutView.swift in Sources */,
				1039FB522BFC623400EDBC1F /* SaveSceneHelper.swift in Sources */,
				10CD8CBC2BFB572F003068DC /* PlacementLogic.swift in Sources */,
				10CD8C672BF9E234003068DC /* AppDelegate.swift in Sources */,
				10CD8CC42BFB57FE003068DC /* CustomARView.swift in Sources */,
				10CD8CBE2BFB574A003068DC /* PlacingView.swift in Sources */,
				1039FB282BFBBB8B00EDBC1F /* Models.swift in Sources */,
				1039FB4F2BFBD64300EDBC1F /* CircularProgressView.swift in Sources */,
				1039FB632BFD249200EDBC1F /* OnboardingView.swift in Sources */,
				1039FB562BFC6C0C00EDBC1F /* AddedModels.swift in Sources */,
				1039FB2C2BFBBD6400EDBC1F /* TappedEntities.swift in Sources */,
			);
			runOnlyForDeploymentPostprocessing = 0;
		};
/* End PBXSourcesBuildPhase section */

/* Begin XCBuildConfiguration section */
		10CD8C6F2BF9E235003068DC /* Debug */ = {
			isa = XCBuildConfiguration;
			buildSettings = {
				ALWAYS_SEARCH_USER_PATHS = NO;
				ASSETCATALOG_COMPILER_GENERATE_SWIFT_ASSET_SYMBOL_EXTENSIONS = YES;
				CLANG_ANALYZER_NONNULL = YES;
				CLANG_ANALYZER_NUMBER_OBJECT_CONVERSION = YES_AGGRESSIVE;
				CLANG_CXX_LANGUAGE_STANDARD = "gnu++20";
				CLANG_ENABLE_MODULES = YES;
				CLANG_ENABLE_OBJC_ARC = YES;
				CLANG_ENABLE_OBJC_WEAK = YES;
				CLANG_WARN_BLOCK_CAPTURE_AUTORELEASING = YES;
				CLANG_WARN_BOOL_CONVERSION = YES;
				CLANG_WARN_COMMA = YES;
				CLANG_WARN_CONSTANT_CONVERSION = YES;
				CLANG_WARN_DEPRECATED_OBJC_IMPLEMENTATIONS = YES;
				CLANG_WARN_DIRECT_OBJC_ISA_USAGE = YES_ERROR;
				CLANG_WARN_DOCUMENTATION_COMMENTS = YES;
				CLANG_WARN_EMPTY_BODY = YES;
				CLANG_WARN_ENUM_CONVERSION = YES;
				CLANG_WARN_INFINITE_RECURSION = YES;
				CLANG_WARN_INT_CONVERSION = YES;
				CLANG_WARN_NON_LITERAL_NULL_CONVERSION = YES;
				CLANG_WARN_OBJC_IMPLICIT_RETAIN_SELF = YES;
				CLANG_WARN_OBJC_LITERAL_CONVERSION = YES;
				CLANG_WARN_OBJC_ROOT_CLASS = YES_ERROR;
				CLANG_WARN_QUOTED_INCLUDE_IN_FRAMEWORK_HEADER = YES;
				CLANG_WARN_RANGE_LOOP_ANALYSIS = YES;
				CLANG_WARN_STRICT_PROTOTYPES = YES;
				CLANG_WARN_SUSPICIOUS_MOVE = YES;
				CLANG_WARN_UNGUARDED_AVAILABILITY = YES_AGGRESSIVE;
				CLANG_WARN_UNREACHABLE_CODE = YES;
				CLANG_WARN__DUPLICATE_METHOD_MATCH = YES;
				COPY_PHASE_STRIP = NO;
				DEBUG_INFORMATION_FORMAT = dwarf;
				ENABLE_STRICT_OBJC_MSGSEND = YES;
				ENABLE_TESTABILITY = YES;
				ENABLE_USER_SCRIPT_SANDBOXING = YES;
				GCC_C_LANGUAGE_STANDARD = gnu17;
				GCC_DYNAMIC_NO_PIC = NO;
				GCC_NO_COMMON_BLOCKS = YES;
				GCC_OPTIMIZATION_LEVEL = 0;
				GCC_PREPROCESSOR_DEFINITIONS = (
					"DEBUG=1",
					"$(inherited)",
				);
				GCC_WARN_64_TO_32_BIT_CONVERSION = YES;
				GCC_WARN_ABOUT_RETURN_TYPE = YES_ERROR;
				GCC_WARN_UNDECLARED_SELECTOR = YES;
				GCC_WARN_UNINITIALIZED_AUTOS = YES_AGGRESSIVE;
				GCC_WARN_UNUSED_FUNCTION = YES;
				GCC_WARN_UNUSED_VARIABLE = YES;
				IPHONEOS_DEPLOYMENT_TARGET = 17.4;
				LOCALIZATION_PREFERS_STRING_CATALOGS = YES;
				MTL_ENABLE_DEBUG_INFO = INCLUDE_SOURCE;
				MTL_FAST_MATH = YES;
				ONLY_ACTIVE_ARCH = YES;
				SDKROOT = iphoneos;
				SWIFT_ACTIVE_COMPILATION_CONDITIONS = "DEBUG $(inherited)";
				SWIFT_OPTIMIZATION_LEVEL = "-Onone";
			};
			name = Debug;
		};
		10CD8C702BF9E235003068DC /* Release */ = {
			isa = XCBuildConfiguration;
			buildSettings = {
				ALWAYS_SEARCH_USER_PATHS = NO;
				ASSETCATALOG_COMPILER_GENERATE_SWIFT_ASSET_SYMBOL_EXTENSIONS = YES;
				CLANG_ANALYZER_NONNULL = YES;
				CLANG_ANALYZER_NUMBER_OBJECT_CONVERSION = YES_AGGRESSIVE;
				CLANG_CXX_LANGUAGE_STANDARD = "gnu++20";
				CLANG_ENABLE_MODULES = YES;
				CLANG_ENABLE_OBJC_ARC = YES;
				CLANG_ENABLE_OBJC_WEAK = YES;
				CLANG_WARN_BLOCK_CAPTURE_AUTORELEASING = YES;
				CLANG_WARN_BOOL_CONVERSION = YES;
				CLANG_WARN_COMMA = YES;
				CLANG_WARN_CONSTANT_CONVERSION = YES;
				CLANG_WARN_DEPRECATED_OBJC_IMPLEMENTATIONS = YES;
				CLANG_WARN_DIRECT_OBJC_ISA_USAGE = YES_ERROR;
				CLANG_WARN_DOCUMENTATION_COMMENTS = YES;
				CLANG_WARN_EMPTY_BODY = YES;
				CLANG_WARN_ENUM_CONVERSION = YES;
				CLANG_WARN_INFINITE_RECURSION = YES;
				CLANG_WARN_INT_CONVERSION = YES;
				CLANG_WARN_NON_LITERAL_NULL_CONVERSION = YES;
				CLANG_WARN_OBJC_IMPLICIT_RETAIN_SELF = YES;
				CLANG_WARN_OBJC_LITERAL_CONVERSION = YES;
				CLANG_WARN_OBJC_ROOT_CLASS = YES_ERROR;
				CLANG_WARN_QUOTED_INCLUDE_IN_FRAMEWORK_HEADER = YES;
				CLANG_WARN_RANGE_LOOP_ANALYSIS = YES;
				CLANG_WARN_STRICT_PROTOTYPES = YES;
				CLANG_WARN_SUSPICIOUS_MOVE = YES;
				CLANG_WARN_UNGUARDED_AVAILABILITY = YES_AGGRESSIVE;
				CLANG_WARN_UNREACHABLE_CODE = YES;
				CLANG_WARN__DUPLICATE_METHOD_MATCH = YES;
				COPY_PHASE_STRIP = NO;
				DEBUG_INFORMATION_FORMAT = "dwarf-with-dsym";
				ENABLE_NS_ASSERTIONS = NO;
				ENABLE_STRICT_OBJC_MSGSEND = YES;
				ENABLE_USER_SCRIPT_SANDBOXING = YES;
				GCC_C_LANGUAGE_STANDARD = gnu17;
				GCC_NO_COMMON_BLOCKS = YES;
				GCC_WARN_64_TO_32_BIT_CONVERSION = YES;
				GCC_WARN_ABOUT_RETURN_TYPE = YES_ERROR;
				GCC_WARN_UNDECLARED_SELECTOR = YES;
				GCC_WARN_UNINITIALIZED_AUTOS = YES_AGGRESSIVE;
				GCC_WARN_UNUSED_FUNCTION = YES;
				GCC_WARN_UNUSED_VARIABLE = YES;
				IPHONEOS_DEPLOYMENT_TARGET = 17.4;
				LOCALIZATION_PREFERS_STRING_CATALOGS = YES;
				MTL_ENABLE_DEBUG_INFO = NO;
				MTL_FAST_MATH = YES;
				SDKROOT = iphoneos;
				SWIFT_COMPILATION_MODE = wholemodule;
				VALIDATE_PRODUCT = YES;
			};
			name = Release;
		};
		10CD8C722BF9E235003068DC /* Debug */ = {
			isa = XCBuildConfiguration;
			buildSettings = {
				ASSETCATALOG_COMPILER_APPICON_NAME = AppIcon;
				ASSETCATALOG_COMPILER_GLOBAL_ACCENT_COLOR_NAME = AccentColor;
				CODE_SIGN_STYLE = Automatic;
				CURRENT_PROJECT_VERSION = 1;
				DEVELOPMENT_ASSET_PATHS = "\"MagicalGardenAR/Preview Content\"";
				DEVELOPMENT_TEAM = 9RP466MZ3W;
				ENABLE_PREVIEWS = YES;
				GENERATE_INFOPLIST_FILE = YES;
				INFOPLIST_KEY_NSCameraUsageDescription = "";
				INFOPLIST_KEY_UIApplicationSupportsIndirectInputEvents = YES;
				INFOPLIST_KEY_UILaunchScreen_Generation = YES;
				INFOPLIST_KEY_UIRequiredDeviceCapabilities = arkit;
				INFOPLIST_KEY_UIStatusBarHidden = YES;
				INFOPLIST_KEY_UISupportedInterfaceOrientations_iPad = "UIInterfaceOrientationPortrait UIInterfaceOrientationPortraitUpsideDown UIInterfaceOrientationLandscapeLeft UIInterfaceOrientationLandscapeRight";
				INFOPLIST_KEY_UISupportedInterfaceOrientations_iPhone = "UIInterfaceOrientationPortrait UIInterfaceOrientationLandscapeLeft UIInterfaceOrientationLandscapeRight";
				LD_RUNPATH_SEARCH_PATHS = (
					"$(inherited)",
					"@executable_path/Frameworks",
				);
				MARKETING_VERSION = 1.0;
				PRODUCT_BUNDLE_IDENTIFIER = "com.guillermo-kramsky.MagicalGardenAR";
				PRODUCT_NAME = "$(TARGET_NAME)";
				SWIFT_EMIT_LOC_STRINGS = YES;
				SWIFT_VERSION = 5.0;
				TARGETED_DEVICE_FAMILY = "1,2";
			};
			name = Debug;
		};
		10CD8C732BF9E235003068DC /* Release */ = {
			isa = XCBuildConfiguration;
			buildSettings = {
				ASSETCATALOG_COMPILER_APPICON_NAME = AppIcon;
				ASSETCATALOG_COMPILER_GLOBAL_ACCENT_COLOR_NAME = AccentColor;
				CODE_SIGN_STYLE = Automatic;
				CURRENT_PROJECT_VERSION = 1;
				DEVELOPMENT_ASSET_PATHS = "\"MagicalGardenAR/Preview Content\"";
				DEVELOPMENT_TEAM = 9RP466MZ3W;
				ENABLE_PREVIEWS = YES;
				GENERATE_INFOPLIST_FILE = YES;
				INFOPLIST_KEY_NSCameraUsageDescription = "";
				INFOPLIST_KEY_UIApplicationSupportsIndirectInputEvents = YES;
				INFOPLIST_KEY_UILaunchScreen_Generation = YES;
				INFOPLIST_KEY_UIRequiredDeviceCapabilities = arkit;
				INFOPLIST_KEY_UIStatusBarHidden = YES;
				INFOPLIST_KEY_UISupportedInterfaceOrientations_iPad = "UIInterfaceOrientationPortrait UIInterfaceOrientationPortraitUpsideDown UIInterfaceOrientationLandscapeLeft UIInterfaceOrientationLandscapeRight";
				INFOPLIST_KEY_UISupportedInterfaceOrientations_iPhone = "UIInterfaceOrientationPortrait UIInterfaceOrientationLandscapeLeft UIInterfaceOrientationLandscapeRight";
				LD_RUNPATH_SEARCH_PATHS = (
					"$(inherited)",
					"@executable_path/Frameworks",
				);
				MARKETING_VERSION = 1.0;
				PRODUCT_BUNDLE_IDENTIFIER = "com.guillermo-kramsky.MagicalGardenAR";
				PRODUCT_NAME = "$(TARGET_NAME)";
				SWIFT_EMIT_LOC_STRINGS = YES;
				SWIFT_VERSION = 5.0;
				TARGETED_DEVICE_FAMILY = "1,2";
			};
			name = Release;
		};
/* End XCBuildConfiguration section */

/* Begin XCConfigurationList section */
		10CD8C5E2BF9E234003068DC /* Build configuration list for PBXProject "MagicalGardenAR" */ = {
			isa = XCConfigurationList;
			buildConfigurations = (
				10CD8C6F2BF9E235003068DC /* Debug */,
				10CD8C702BF9E235003068DC /* Release */,
			);
			defaultConfigurationIsVisible = 0;
			defaultConfigurationName = Release;
		};
		10CD8C712BF9E235003068DC /* Build configuration list for PBXNativeTarget "MagicalGardenAR" */ = {
			isa = XCConfigurationList;
			buildConfigurations = (
				10CD8C722BF9E235003068DC /* Debug */,
				10CD8C732BF9E235003068DC /* Release */,
			);
			defaultConfigurationIsVisible = 0;
			defaultConfigurationName = Release;
		};
/* End XCConfigurationList section */

/* Begin XCRemoteSwiftPackageReference section */
		10CD8CB52BFB55E8003068DC /* XCRemoteSwiftPackageReference "FocusEntity" */ = {
			isa = XCRemoteSwiftPackageReference;
			repositoryURL = "https://github.com/maxxfrazer/FocusEntity";
			requirement = {
				kind = upToNextMajorVersion;
				minimumVersion = 2.5.1;
			};
		};
/* End XCRemoteSwiftPackageReference section */

/* Begin XCSwiftPackageProductDependency section */
		10CD8CB62BFB55E8003068DC /* FocusEntity */ = {
			isa = XCSwiftPackageProductDependency;
			package = 10CD8CB52BFB55E8003068DC /* XCRemoteSwiftPackageReference "FocusEntity" */;
			productName = FocusEntity;
		};
/* End XCSwiftPackageProductDependency section */
	};
	rootObject = 10CD8C5B2BF9E234003068DC /* Project object */;
}
